
Microsoft Visual Studio Solution File, Format Version 12.00
# Visual Studio Version 16
VisualStudioVersion = 16.0.30717.126
MinimumVisualStudioVersion = 10.0.40219.1
Project("{FAE04EC0-301F-11D3-BF4B-00C04F79EFBC}") = "My new project", "My new project\My new project.csproj", "{36C2988E-9CBD-4C0F-B4B8-445CD82E3112}"
EndProject
Global
	GlobalSection(SolutionConfigurationPlatforms) = preSolution
		Debug|Any CPU = Debug|Any CPU
		Release|Any CPU = Release|Any CPU
	EndGlobalSection
	GlobalSection(ProjectConfigurationPlatforms) = postSolution
		{36C2988E-9CBD-4C0F-B4B8-445CD82E3112}.Debug|Any CPU.ActiveCfg = Debug|Any CPU
		{36C2988E-9CBD-4C0F-B4B8-445CD82E3112}.Debug|Any CPU.Build.0 = Debug|Any CPU
		{36C2988E-9CBD-4C0F-B4B8-445CD82E3112}.Release|Any CPU.ActiveCfg = Release|Any CPU
		{36C2988E-9CBD-4C0F-B4B8-445CD82E3112}.Release|Any CPU.Build.0 = Release|Any CPU
	EndGlobalSection
	GlobalSection(SolutionProperties) = preSolution
		HideSolutionNode = FALSE
	EndGlobalSection
	GlobalSection(ExtensibilityGlobals) = postSolution
		SolutionGuid = {B314B071-3B7C-453C-8909-83EF4767F845}
	EndGlobalSection
EndGlobal
